
Microsoft Visual Studio Solution File, Format Version 12.00
# Visual Studio Version 17
VisualStudioVersion = 17.2.32616.157
MinimumVisualStudioVersion = 10.0.40219.1
Project("{FAE04EC0-301F-11D3-BF4B-00C04F79EFBC}") = "Clase 08_08", "Clase 08_08\Clase 08_08.csproj", "{82AB1DA1-F0F2-4D10-84FB-9997B4DDCCBB}"
EndProject
Global
	GlobalSection(SolutionConfigurationPlatforms) = preSolution
		Debug|Any CPU = Debug|Any CPU
		Release|Any CPU = Release|Any CPU
	EndGlobalSection
	GlobalSection(ProjectConfigurationPlatforms) = postSolution
		{82AB1DA1-F0F2-4D10-84FB-9997B4DDCCBB}.Debug|Any CPU.ActiveCfg = Debug|Any CPU
		{82AB1DA1-F0F2-4D10-84FB-9997B4DDCCBB}.Debug|Any CPU.Build.0 = Debug|Any CPU
		{82AB1DA1-F0F2-4D10-84FB-9997B4DDCCBB}.Release|Any CPU.ActiveCfg = Release|Any CPU
		{82AB1DA1-F0F2-4D10-84FB-9997B4DDCCBB}.Release|Any CPU.Build.0 = Release|Any CPU
	EndGlobalSection
	GlobalSection(SolutionProperties) = preSolution
		HideSolutionNode = FALSE
	EndGlobalSection
	GlobalSection(ExtensibilityGlobals) = postSolution
		SolutionGuid = {73A25B24-65AE-4E04-96B7-5DFE56A0BE92}
	EndGlobalSection
EndGlobal
